PODS:
  - AKNetwork (0.0.1):
    - Models
    - Moya (= 15.0.0)
    - Wormholy (= 1.6.4)
  - Alamofire (5.6.1)
  - AlertMessages (0.0.1):
    - APRUIKit
    - HapticTouch
    - lottie-ios
    - Protocols
    - SwiftEntryKit
  - AlignedCollectionViewFlowLayout (1.1.2)
  - ALProgressView (2.0.0)
  - Amplitude (8.10.0):
    - AnalyticsConnector (~> 1.0.0)
  - AnalyticsConnector (1.0.0)
  - APRUIKit (0.0.1):
    - AlignedCollectionViewFlowLayout
    - Extensions
    - GrowingTextView
    - M13Checkbox
    - NVActivityIndicatorView
    - Protocols
    - SkeletonView
    - SnapKit
  - Configurations (0.0.1)
  - Decoders (0.0.1):
    - SwiftDate (= 6.3.1)
  - Disk (0.6.4)
  - Extensions (0.0.1):
    - SnapKit (= 5.0.1)
  - FeatureToggle (0.0.1)
  - Firebase/Analytics (9.6.0):
    - Firebase/Core
  - Firebase/Core (9.6.0):
    - Firebase/CoreOnly
    - FirebaseAnalytics (~> 9.6.0)
  - Firebase/CoreOnly (9.6.0):
    - FirebaseCore (= 9.6.0)
  - Firebase/Crashlytics (9.6.0):
    - Firebase/CoreOnly
    - FirebaseCrashlytics (~> 9.6.0)
  - Firebase/DynamicLinks (9.6.0):
    - Firebase/CoreOnly
    - FirebaseDynamicLinks (~> 9.6.0)
  - Firebase/RemoteConfig (9.6.0):
    - Firebase/CoreOnly
    - FirebaseRemoteConfig (~> 9.6.0)
  - FirebaseABTesting (9.6.0):
    - FirebaseCore (~> 9.0)
  - FirebaseAnalytics (9.6.0):
    - FirebaseAnalytics/AdIdSupport (= 9.6.0)
    - FirebaseCore (~> 9.0)
    - FirebaseInstallations (~> 9.0)
    - GoogleUtilities/AppDelegateSwizzler (~> 7.7)
    - GoogleUtilities/MethodSwizzler (~> 7.7)
    - GoogleUtilities/Network (~> 7.7)
    - "GoogleUtilities/NSData+zlib (~> 7.7)"
    - nanopb (< 2.30910.0, >= 2.30908.0)
  - FirebaseAnalytics/AdIdSupport (9.6.0):
    - FirebaseCore (~> 9.0)
    - FirebaseInstallations (~> 9.0)
    - GoogleAppMeasurement (= 9.6.0)
    - GoogleUtilities/AppDelegateSwizzler (~> 7.7)
    - GoogleUtilities/MethodSwizzler (~> 7.7)
    - GoogleUtilities/Network (~> 7.7)
    - "GoogleUtilities/NSData+zlib (~> 7.7)"
    - nanopb (< 2.30910.0, >= 2.30908.0)
  - FirebaseCore (9.6.0):
    - FirebaseCoreDiagnostics (~> 9.0)
    - FirebaseCoreInternal (~> 9.0)
    - GoogleUtilities/Environment (~> 7.7)
    - GoogleUtilities/Logger (~> 7.7)
  - FirebaseCoreDiagnostics (9.6.0):
    - GoogleDataTransport (< 10.0.0, >= 9.1.4)
    - GoogleUtilities/Environment (~> 7.7)
    - GoogleUtilities/Logger (~> 7.7)
    - nanopb (< 2.30910.0, >= 2.30908.0)
  - FirebaseCoreInternal (9.6.0):
    - "GoogleUtilities/NSData+zlib (~> 7.7)"
  - FirebaseCrashlytics (9.6.0):
    - FirebaseCore (~> 9.0)
    - FirebaseInstallations (~> 9.0)
    - GoogleDataTransport (< 10.0.0, >= 9.1.4)
    - GoogleUtilities/Environment (~> 7.7)
    - nanopb (< 2.30910.0, >= 2.30908.0)
    - PromisesObjC (~> 2.1)
  - FirebaseDynamicLinks (9.6.0):
    - FirebaseCore (~> 9.0)
  - FirebaseInstallations (9.6.0):
    - FirebaseCore (~> 9.0)
    - GoogleUtilities/Environment (~> 7.7)
    - GoogleUtilities/UserDefaults (~> 7.7)
    - PromisesObjC (~> 2.1)
  - FirebaseRemoteConfig (9.6.0):
    - FirebaseABTesting (~> 9.0)
    - FirebaseCore (~> 9.0)
    - FirebaseInstallations (~> 9.0)
    - GoogleUtilities/Environment (~> 7.7)
    - "GoogleUtilities/NSData+zlib (~> 7.7)"
  - GoogleAppMeasurement (9.6.0):
    - GoogleAppMeasurement/AdIdSupport (= 9.6.0)
    - GoogleUtilities/AppDelegateSwizzler (~> 7.7)
    - GoogleUtilities/MethodSwizzler (~> 7.7)
    - GoogleUtilities/Network (~> 7.7)
    - "GoogleUtilities/NSData+zlib (~> 7.7)"
    - nanopb (< 2.30910.0, >= 2.30908.0)
  - GoogleAppMeasurement/AdIdSupport (9.6.0):
    - GoogleAppMeasurement/WithoutAdIdSupport (= 9.6.0)
    - GoogleUtilities/AppDelegateSwizzler (~> 7.7)
    - GoogleUtilities/MethodSwizzler (~> 7.7)
    - GoogleUtilities/Network (~> 7.7)
    - "GoogleUtilities/NSData+zlib (~> 7.7)"
    - nanopb (< 2.30910.0, >= 2.30908.0)
  - GoogleAppMeasurement/WithoutAdIdSupport (9.6.0):
    - GoogleUtilities/AppDelegateSwizzler (~> 7.7)
    - GoogleUtilities/MethodSwizzler (~> 7.7)
    - GoogleUtilities/Network (~> 7.7)
    - "GoogleUtilities/NSData+zlib (~> 7.7)"
    - nanopb (< 2.30910.0, >= 2.30908.0)
  - GoogleDataTransport (9.2.0):
    - GoogleUtilities/Environment (~> 7.7)
    - nanopb (< 2.30910.0, >= 2.30908.0)
    - PromisesObjC (< 3.0, >= 1.2)
  - GoogleUtilities/AppDelegateSwizzler (7.8.0):
    - GoogleUtilities/Environment
    - GoogleUtilities/Logger
    - GoogleUtilities/Network
  - GoogleUtilities/Environment (7.8.0):
    - PromisesObjC (< 3.0, >= 1.2)
  - GoogleUtilities/Logger (7.8.0):
    - GoogleUtilities/Environment
  - GoogleUtilities/MethodSwizzler (7.8.0):
    - GoogleUtilities/Logger
  - GoogleUtilities/Network (7.8.0):
    - GoogleUtilities/Logger
    - "GoogleUtilities/NSData+zlib"
    - GoogleUtilities/Reachability
  - "GoogleUtilities/NSData+zlib (7.8.0)"
  - GoogleUtilities/Reachability (7.8.0):
    - GoogleUtilities/Logger
  - GoogleUtilities/UserDefaults (7.8.0):
    - GoogleUtilities/Logger
  - GrowingTextView (0.7.2)
  - Haptica (3.0.2)
  - HapticTouch (0.0.1):
    - Haptica (= 3.0.2)
  - IQKeyboardManagerSwift (6.5.10)
  - KeychainAccess (4.2.2)
  - Kingfisher (7.2.3)
  - lottie-ios (3.3.0)
  - M13Checkbox (3.4.0)
  - Mixpanel-swift (4.0.2):
    - Mixpanel-swift/Complete (= 4.0.2)
  - Mixpanel-swift/Complete (4.0.2)
  - Models (0.0.1):
    - APRUIKit
    - Decoders
  - Moya (15.0.0):
    - Moya/Core (= 15.0.0)
  - Moya/Core (15.0.0):
    - Alamofire (~> 5.0)
  - nanopb (2.30909.0):
    - nanopb/decode (= 2.30909.0)
    - nanopb/encode (= 2.30909.0)
  - nanopb/decode (2.30909.0)
  - nanopb/encode (2.30909.0)
  - NVActivityIndicatorView (5.1.1):
    - NVActivityIndicatorView/Base (= 5.1.1)
  - NVActivityIndicatorView/Base (5.1.1)
  - Onboarding (0.0.1)
  - OneSignalXCFramework (3.11.1):
    - OneSignalXCFramework/OneSignalCore (= 3.11.1)
    - OneSignalXCFramework/OneSignalExtension (= 3.11.1)
    - OneSignalXCFramework/OneSignalOutcomes (= 3.11.1)
  - OneSignalXCFramework/OneSignalCore (3.11.1)
  - OneSignalXCFramework/OneSignalExtension (3.11.1):
    - OneSignalXCFramework/OneSignalCore
    - OneSignalXCFramework/OneSignalOutcomes
  - OneSignalXCFramework/OneSignalOutcomes (3.11.1):
    - OneSignalXCFramework/OneSignalCore
  - PanModal (1.2.7)
  - PromisesObjC (2.1.1)
  - Protocols (0.0.1)
  - RemoteConfig (0.0.1):
    - FeatureToggle
    - Firebase/RemoteConfig
  - SkeletonView (1.30.3)
  - SnapKit (5.0.1)
  - Storages (0.0.1):
    - Disk (= 0.6.4)
    - KeychainAccess (= 4.2.2)
    - Models
  - SwiftDate (6.3.1)
  - SwiftEntryKit (2.0.0)
  - SwiftGen (6.5.1)
  - UIScrollView-InfiniteScroll (1.1.0)
  - Wormholy (1.6.4)

DEPENDENCIES:
  - AKNetwork (from `./Development Pods/AKNetwork`)
  - AlertMessages (from `./Development pods/AlertMessages`)
  - ALProgressView
  - Amplitude
  - APRUIKit (from `./Development Pods/APRUIKit`)
  - Configurations (from `./Development Pods/Configurations`)
  - Decoders (from `./Development Pods/Decoders`)
  - Extensions (from `./Development Pods/Extensions`)
  - FeatureToggle (from `./Development pods/FeatureToggle`)
  - Firebase/Analytics
  - Firebase/Crashlytics
  - Firebase/DynamicLinks
  - Firebase/RemoteConfig
  - HapticTouch (from `./Development Pods/HapticTouch`)
  - IQKeyboardManagerSwift
  - Kingfisher
  - Mixpanel-swift
  - Models (from `./Development Pods/Models`)
  - Onboarding (from `./Development Pods/Onboarding`)
  - OneSignalXCFramework (< 4.0, >= 3.0.0)
  - PanModal
  - Protocols (from `./Development Pods/Protocols`)
  - RemoteConfig (from `./Development pods/RemoteConfig`)
  - Storages (from `./Development Pods/Storages`)
  - SwiftGen (~> 6.0)
  - UIScrollView-InfiniteScroll

SPEC REPOS:
  trunk:
    - Alamofire
    - AlignedCollectionViewFlowLayout
    - ALProgressView
    - Amplitude
    - AnalyticsConnector
    - Disk
    - Firebase
    - FirebaseABTesting
    - FirebaseAnalytics
    - FirebaseCore
    - FirebaseCoreDiagnostics
    - FirebaseCoreInternal
    - FirebaseCrashlytics
    - FirebaseDynamicLinks
    - FirebaseInstallations
    - FirebaseRemoteConfig
    - GoogleAppMeasurement
    - GoogleDataTransport
    - GoogleUtilities
    - GrowingTextView
    - Haptica
    - IQKeyboardManagerSwift
    - KeychainAccess
    - Kingfisher
    - lottie-ios
    - M13Checkbox
    - Mixpanel-swift
    - Moya
    - nanopb
    - NVActivityIndicatorView
    - OneSignalXCFramework
    - PanModal
    - PromisesObjC
    - SkeletonView
    - SnapKit
    - SwiftDate
    - SwiftEntryKit
    - SwiftGen
    - UIScrollView-InfiniteScroll
    - Wormholy

EXTERNAL SOURCES:
  AKNetwork:
    :path: "./Development Pods/AKNetwork"
  AlertMessages:
    :path: "./Development pods/AlertMessages"
  APRUIKit:
    :path: "./Development Pods/APRUIKit"
  Configurations:
    :path: "./Development Pods/Configurations"
  Decoders:
    :path: "./Development Pods/Decoders"
  Extensions:
    :path: "./Development Pods/Extensions"
  FeatureToggle:
    :path: "./Development pods/FeatureToggle"
  HapticTouch:
    :path: "./Development Pods/HapticTouch"
  Models:
    :path: "./Development Pods/Models"
  Onboarding:
    :path: "./Development Pods/Onboarding"
  Protocols:
    :path: "./Development Pods/Protocols"
  RemoteConfig:
    :path: "./Development pods/RemoteConfig"
  Storages:
    :path: "./Development Pods/Storages"

SPEC CHECKSUMS:
  AKNetwork: c138f069e3767abac65c9a70b93531b652120561
  Alamofire: 87bd8c952f9a4454320fce00d9cc3de57bcadaf5
  AlertMessages: 8ee9d8c7c0ea2295fea1eda9c3a09e45e8183cb3
  AlignedCollectionViewFlowLayout: ee2ef451e741ec08f8e0967d828001e2f051c20a
  ALProgressView: 547883405970e932d8f1f12b605aa4f6df08f155
  Amplitude: 2904f346250510b9e19a4e2262017bcf1d4368f9
  AnalyticsConnector: 4c386d5972ac9da86e22d668564dbbac97558754
  APRUIKit: 88d8f3f755e5ffee4a66705956d97fad7a0df75d
  Configurations: 2c6d946ac020900a1efcdcecaaedb476e27363f1
  Decoders: 4cb97a705767a209973d74401515ef061921184b
  Disk: dcee5c2e98fb72f9a924cde8da8435b08244a80e
  Extensions: d467431adebffd1f7f07b5284c3b213d53c980dc
  FeatureToggle: 2f6e1f696cd7475090fd98694e51c97efa6b3812
  Firebase: 5ae8b7cf8efce559a653aef0ad95bab3f427c351
  FirebaseABTesting: 61826730ce9eee8781ba99a2b3420e9bce148dc9
  FirebaseAnalytics: 89ad762c6c3852a685794174757e2c60a36b6a82
  FirebaseCore: 2082fffcd855f95f883c0a1641133eb9bbe76d40
  FirebaseCoreDiagnostics: 99a495094b10a57eeb3ae8efa1665700ad0bdaa6
  FirebaseCoreInternal: bca76517fe1ed381e989f5e7d8abb0da8d85bed3
  FirebaseCrashlytics: 3210572ddb77801e5a0bd9d7bc890769f2066a0c
  FirebaseDynamicLinks: 894ee3b4e56a77abee067d371c9a23e7b5a3c686
  FirebaseInstallations: 0a115432c4e223c5ab20b0dbbe4cbefa793a0e8e
  FirebaseRemoteConfig: ee09d77a7d7c7e31da6a0d1cf956cd611c85609c
  GoogleAppMeasurement: 6de2b1a69e4326eb82ee05d138f6a5cb7311bcb1
  GoogleDataTransport: 1c8145da7117bd68bbbed00cf304edb6a24de00f
  GoogleUtilities: 1d20a6ad97ef46f67bbdec158ce00563a671ebb7
  GrowingTextView: 876bf42005b5e4a4fd740597db12caaf41f0fe6c
  Haptica: dc206651beeca25ab4744c633fbf0ae4d1e86baf
  HapticTouch: 03da243d7f1c055766916006b2f4688e18cf1a42
  IQKeyboardManagerSwift: 52962c76ab33532f15ad9f3ff4e5715eda5335bb
  KeychainAccess: c0c4f7f38f6fc7bbe58f5702e25f7bd2f65abf51
  Kingfisher: 8c2cbe0c11ea4d481542895112682a99e058468e
  lottie-ios: 6ac74dcc09904798f59b18cb3075c089d76be9ae
  M13Checkbox: 6f59404540ac98ba83a3d1afac335895a40c6a5d
  Mixpanel-swift: 91fc28834402720682f4cce760e95571fbb388c3
  Models: a7fbee4374677bbf44a75e78335690af7d949c2c
  Moya: 138f0573e53411fb3dc17016add0b748dfbd78ee
  nanopb: b552cce312b6c8484180ef47159bc0f65a1f0431
  NVActivityIndicatorView: 1f6c5687f1171810aa27a3296814dc2d7dec3667
  Onboarding: f87883852b3e7544578236da0c4a91c1857f7b51
  OneSignalXCFramework: 8bdcaa3b7f6082565bf29c5481435376a33e94f2
  PanModal: 3e16ead1a907fb06f4df3f13492fd00149fa4974
  PromisesObjC: ab77feca74fa2823e7af4249b8326368e61014cb
  Protocols: 15b9d34cc719cb47dff58822bcf8ba43a2c5f28b
  RemoteConfig: 3d60752bde3f6e70682784347d42dd031b30d696
  SkeletonView: f5b099c708e42a278079a12bcaaf71c303be65a3
  SnapKit: 97b92857e3df3a0c71833cce143274bf6ef8e5eb
  Storages: 9a1f704c36c1fc00acc34377c5d1e66008f0df18
  SwiftDate: 72d28954e8e1c6c1c0f917ccc8005e4f83c7d4b2
  SwiftEntryKit: 61b5fa36f34a97dd8013e48a7345bc4c4720be9a
  SwiftGen: a6d22010845f08fe18fbdf3a07a8e380fd22e0ea
  UIScrollView-InfiniteScroll: 3ef456bcbe759c19f510a383cff96e6647c98c98
  Wormholy: 2e70f64227e010d363f8d33268369f77faf12471

PODFILE CHECKSUM: 7646ffd51f728a3074cdbe16f2daaf382e328d93

COCOAPODS: 1.11.3
