PODS:
  - AKNetwork (0.0.1):
    - Models
    - Moya (= 15.0.0)
    - Wormholy (= 1.6.4)
  - Alamofire (5.5.0)
  - AlertMessages (0.0.1):
    - DesignSystem
    - HapticTouch
    - lottie-ios
    - Protocols
    - SwiftEntryKit (= 1.2.7)
  - AlignedCollectionViewFlowLayout (1.1.2)
  - BEMCheckBox (1.4.1)
  - Configurations (0.0.1)
  - Decoders (0.0.1):
    - SwiftDate (= 6.3.1)
  - DesignSystem (0.0.1):
    - AlignedCollectionViewFlowLayout (= 1.1.2)
    - BEMCheckBox
    - Extensions
    - M13Checkbox
    - Protocols
    - SnapKit (= 5.0.1)
  - Disk (0.6.4)
  - Extensions (0.0.1):
    - SnapKit (= 5.0.1)
  - Haptica (3.0.2)
  - HapticTouch (0.0.1):
    - Haptica (= 3.0.2)
  - KeychainAccess (4.2.2)
  - lottie-ios (3.3.0)
  - M13Checkbox (3.4.0)
  - Models (0.0.1):
    - Decoders
    - DesignSystem
  - Moya (15.0.0):
    - Moya/Core (= 15.0.0)
  - Moya/Core (15.0.0):
    - Alamofire (~> 5.0)
  - Onboarding (0.0.1)
  - Protocols (0.0.1)
  - QuickLayout (3.0.0)
  - SnapKit (5.0.1)
  - Storages (0.0.1):
    - Disk (= 0.6.4)
    - KeychainAccess (= 4.2.2)
    - Models
  - SwiftDate (6.3.1)
  - SwiftEntryKit (1.2.7):
    - QuickLayout (= 3.0.0)
  - SwiftGen (6.5.1)
  - Wormholy (1.6.4)

DEPENDENCIES:
  - AKNetwork (from `./Development Pods/AKNetwork`)
  - AlertMessages (from `./Development pods/AlertMessages`)
  - Configurations (from `./Development Pods/Configurations`)
  - Decoders (from `./Development Pods/Decoders`)
  - DesignSystem (from `./Development Pods/DesignSystem`)
  - Extensions (from `./Development Pods/Extensions`)
  - HapticTouch (from `./Development Pods/HapticTouch`)
  - Models (from `./Development Pods/Models`)
  - Onboarding (from `./Development Pods/Onboarding`)
  - Protocols (from `./Development Pods/Protocols`)
  - Storages (from `./Development Pods/Storages`)
  - SwiftGen (~> 6.0)

SPEC REPOS:
  trunk:
    - Alamofire
    - AlignedCollectionViewFlowLayout
    - BEMCheckBox
    - Disk
    - Haptica
    - KeychainAccess
    - lottie-ios
    - M13Checkbox
    - Moya
    - QuickLayout
    - SnapKit
    - SwiftDate
    - SwiftEntryKit
    - SwiftGen
    - Wormholy

EXTERNAL SOURCES:
  AKNetwork:
    :path: "./Development Pods/AKNetwork"
  AlertMessages:
    :path: "./Development pods/AlertMessages"
  Configurations:
    :path: "./Development Pods/Configurations"
  Decoders:
    :path: "./Development Pods/Decoders"
  DesignSystem:
    :path: "./Development Pods/DesignSystem"
  Extensions:
    :path: "./Development Pods/Extensions"
  HapticTouch:
    :path: "./Development Pods/HapticTouch"
  Models:
    :path: "./Development Pods/Models"
  Onboarding:
    :path: "./Development Pods/Onboarding"
  Protocols:
    :path: "./Development Pods/Protocols"
  Storages:
    :path: "./Development Pods/Storages"

SPEC CHECKSUMS:
  AKNetwork: c138f069e3767abac65c9a70b93531b652120561
  Alamofire: 1c4fb5369c3fe93d2857c780d8bbe09f06f97e7c
  AlertMessages: cdb1d52bc5541b7495cf88cba3baec9410e20b54
  AlignedCollectionViewFlowLayout: ee2ef451e741ec08f8e0967d828001e2f051c20a
  BEMCheckBox: 5ba6e37ade3d3657b36caecc35c8b75c6c2b1a4e
  Configurations: 2c6d946ac020900a1efcdcecaaedb476e27363f1
  Decoders: 4cb97a705767a209973d74401515ef061921184b
  DesignSystem: 60aebd4b7c1c5e71078e4269dc797d203d259ed0
  Disk: dcee5c2e98fb72f9a924cde8da8435b08244a80e
  Extensions: d467431adebffd1f7f07b5284c3b213d53c980dc
  Haptica: dc206651beeca25ab4744c633fbf0ae4d1e86baf
  HapticTouch: 03da243d7f1c055766916006b2f4688e18cf1a42
  KeychainAccess: c0c4f7f38f6fc7bbe58f5702e25f7bd2f65abf51
  lottie-ios: 6ac74dcc09904798f59b18cb3075c089d76be9ae
  M13Checkbox: 6f59404540ac98ba83a3d1afac335895a40c6a5d
  Models: 02494d04c72fa28b5a7063e4d079da720d15ddc5
  Moya: 138f0573e53411fb3dc17016add0b748dfbd78ee
  Onboarding: f87883852b3e7544578236da0c4a91c1857f7b51
  Protocols: 15b9d34cc719cb47dff58822bcf8ba43a2c5f28b
  QuickLayout: 07b45a72b10083fee3f095990cfed1c1e7b27f0a
  SnapKit: 97b92857e3df3a0c71833cce143274bf6ef8e5eb
  Storages: 9a1f704c36c1fc00acc34377c5d1e66008f0df18
  SwiftDate: 72d28954e8e1c6c1c0f917ccc8005e4f83c7d4b2
  SwiftEntryKit: 537c92699d6034efb1ef9c32b11e0b37c97aa589
  SwiftGen: a6d22010845f08fe18fbdf3a07a8e380fd22e0ea
  Wormholy: 2e70f64227e010d363f8d33268369f77faf12471

PODFILE CHECKSUM: 44643a3bb5be0b031741c7676b7bfa3ea88ea510

COCOAPODS: 1.10.2
